
Microsoft Visual Studio Solution File, Format Version 12.00
# Visual Studio Version 17
VisualStudioVersion = 17.4.33110.190
MinimumVisualStudioVersion = 10.0.40219.1
Project("{2150E333-8FDC-42A3-9474-1A3956D46DE8}") = "AccesoDatos", "AccesoDatos", "{380F3299-D756-405D-8207-68A64FCF777A}"
EndProject
Project("{2150E333-8FDC-42A3-9474-1A3956D46DE8}") = "Servicios", "Servicios", "{A9FD75E7-709A-4D4A-B3EC-431FE5997741}"
EndProject
Project("{2150E333-8FDC-42A3-9474-1A3956D46DE8}") = "Entidades", "Entidades", "{E4DA4B7D-FB7D-4CF3-9369-58BF4FD8D2DB}"
EndProject
Project("{2150E333-8FDC-42A3-9474-1A3956D46DE8}") = "Presentacion", "Presentacion", "{EA0E36D2-B8D3-4907-A563-9CC520BC5FD2}"
EndProject
Project("{9A19103F-16F7-4668-BE54-9A1E7A4F7556}") = "SISTotalControl.AccesoDatos", "SISTotalControl.AccesoDatos\SISTotalControl.AccesoDatos.csproj", "{D8A334FC-A844-4B6C-820B-27743A375857}"
EndProject
Project("{9A19103F-16F7-4668-BE54-9A1E7A4F7556}") = "SISTotalControl.API", "SISTotalControl.API\SISTotalControl.API.csproj", "{36340F89-F87A-4BCA-9E2B-1067CEA7A1F8}"
EndProject
Project("{9A19103F-16F7-4668-BE54-9A1E7A4F7556}") = "SISTotalControl.Servicios", "SISTotalControl.Servicios\SISTotalControl.Servicios.csproj", "{FEAB0C3E-C426-4461-8ACF-262314435212}"
EndProject
Project("{9A19103F-16F7-4668-BE54-9A1E7A4F7556}") = "SISTotalControl.Entidades", "..\..\System-TotalControlAPP\SISTotalControlSolution\SISTotalControl.Entidades\SISTotalControl.Entidades.csproj", "{6818460C-A205-4BC5-BB85-1B23978553DA}"
EndProject
Project("{2150E333-8FDC-42A3-9474-1A3956D46DE8}") = "Solution Items", "Solution Items", "{9A41F860-146F-4557-82B9-FAE3CC8D84A3}"
	ProjectSection(SolutionItems) = preProject
		.editorconfig = .editorconfig
	EndProjectSection
EndProject
Global
	GlobalSection(SolutionConfigurationPlatforms) = preSolution
		Debug|Any CPU = Debug|Any CPU
		Release|Any CPU = Release|Any CPU
	EndGlobalSection
	GlobalSection(ProjectConfigurationPlatforms) = postSolution
		{D8A334FC-A844-4B6C-820B-27743A375857}.Debug|Any CPU.ActiveCfg = Debug|Any CPU
		{D8A334FC-A844-4B6C-820B-27743A375857}.Debug|Any CPU.Build.0 = Debug|Any CPU
		{D8A334FC-A844-4B6C-820B-27743A375857}.Release|Any CPU.ActiveCfg = Release|Any CPU
		{D8A334FC-A844-4B6C-820B-27743A375857}.Release|Any CPU.Build.0 = Release|Any CPU
		{36340F89-F87A-4BCA-9E2B-1067CEA7A1F8}.Debug|Any CPU.ActiveCfg = Debug|Any CPU
		{36340F89-F87A-4BCA-9E2B-1067CEA7A1F8}.Debug|Any CPU.Build.0 = Debug|Any CPU
		{36340F89-F87A-4BCA-9E2B-1067CEA7A1F8}.Release|Any CPU.ActiveCfg = Release|Any CPU
		{36340F89-F87A-4BCA-9E2B-1067CEA7A1F8}.Release|Any CPU.Build.0 = Release|Any CPU
		{FEAB0C3E-C426-4461-8ACF-262314435212}.Debug|Any CPU.ActiveCfg = Debug|Any CPU
		{FEAB0C3E-C426-4461-8ACF-262314435212}.Debug|Any CPU.Build.0 = Debug|Any CPU
		{FEAB0C3E-C426-4461-8ACF-262314435212}.Release|Any CPU.ActiveCfg = Release|Any CPU
		{FEAB0C3E-C426-4461-8ACF-262314435212}.Release|Any CPU.Build.0 = Release|Any CPU
		{6818460C-A205-4BC5-BB85-1B23978553DA}.Debug|Any CPU.ActiveCfg = Debug|Any CPU
		{6818460C-A205-4BC5-BB85-1B23978553DA}.Debug|Any CPU.Build.0 = Debug|Any CPU
		{6818460C-A205-4BC5-BB85-1B23978553DA}.Release|Any CPU.ActiveCfg = Release|Any CPU
		{6818460C-A205-4BC5-BB85-1B23978553DA}.Release|Any CPU.Build.0 = Release|Any CPU
	EndGlobalSection
	GlobalSection(SolutionProperties) = preSolution
		HideSolutionNode = FALSE
	EndGlobalSection
	GlobalSection(NestedProjects) = preSolution
		{D8A334FC-A844-4B6C-820B-27743A375857} = {380F3299-D756-405D-8207-68A64FCF777A}
		{36340F89-F87A-4BCA-9E2B-1067CEA7A1F8} = {EA0E36D2-B8D3-4907-A563-9CC520BC5FD2}
		{FEAB0C3E-C426-4461-8ACF-262314435212} = {A9FD75E7-709A-4D4A-B3EC-431FE5997741}
		{6818460C-A205-4BC5-BB85-1B23978553DA} = {E4DA4B7D-FB7D-4CF3-9369-58BF4FD8D2DB}
	EndGlobalSection
	GlobalSection(ExtensibilityGlobals) = postSolution
		SolutionGuid = {363DC01E-3749-4746-8193-09E9867C2EF4}
	EndGlobalSection
EndGlobal
